[[package]]
category = "main"
description = "A fast native implementation of diff algorithm with a pure python fallback"
name = "fastdiff"
optional = false
python-versions = "*"
version = "0.2.0"

[package.dependencies]
[package.dependencies.wasmer]
python = ">=3.5"
version = ">=0.3.0"

[[package]]
category = "main"
description = "nose extends unittest to make testing easier"
name = "nose"
optional = false
python-versions = "*"
version = "1.3.7"

[[package]]
category = "main"
description = "Python 2 and 3 compatibility utilities"
name = "six"
optional = false
python-versions = ">=2.7, !=3.0.*, !=3.1.*, !=3.2.*"
version = "1.15.0"

[[package]]
category = "main"
description = "Snapshot testing for pytest, unittest, Django, and Nose"
name = "snapshottest"
optional = false
python-versions = "*"
version = "0.6.0"

[package.dependencies]
fastdiff = ">=0.1.4,<1"
six = ">=1.10.0"
termcolor = "*"

[package.extras]
nose = ["nose"]
pytest = ["pytest"]
test = ["six", "pytest (>=4.6)", "pytest-cov", "nose", "django (>=1.10.6)"]

[[package]]
category = "main"
description = "ANSII Color formatting for output in terminal."
name = "termcolor"
optional = false
python-versions = "*"
version = "1.1.0"

[[package]]
category = "main"
description = "Python extension to run WebAssembly binaries"
marker = "python_version >= \"3.5\" and platform_machine == \"x86_64\" and sys_platform == \"darwin\" or python_version >= \"3.5\" and platform_machine == \"x86_64\" and sys_platform == \"linux\""
name = "wasmer"
optional = false
python-versions = "*"
version = "0.4.1"

[metadata]
content-hash = "db4e358cfafd315ff12224d1b62fdfe6dec04bc5e91cc383d1ee6c6f3966375b"
python-versions = "^3.6"

[metadata.files]
fastdiff = [
    {file = "fastdiff-0.2.0.tar.gz", hash = "sha256:623ad3d9055ab78e014d0d10767cb033d98d5d4f66052abf498350c8e42e29aa"},
]
nose = [
    {file = "nose-1.3.7-py2-none-any.whl", hash = "sha256:dadcddc0aefbf99eea214e0f1232b94f2fa9bd98fa8353711dacb112bfcbbb2a"},
    {file = "nose-1.3.7-py3-none-any.whl", hash = "sha256:9ff7c6cc443f8c51994b34a667bbcf45afd6d945be7477b52e97516fd17c53ac"},
    {file = "nose-1.3.7.tar.gz", hash = "sha256:f1bffef9cbc82628f6e7d7b40d7e255aefaa1adb6a1b1d26c69a8b79e6208a98"},
]
six = [
    {file = "six-1.15.0-py2.py3-none-any.whl", hash = "sha256:8b74bedcbbbaca38ff6d7491d76f2b06b3592611af620f8426e82dddb04a5ced"},
    {file = "six-1.15.0.tar.gz", hash = "sha256:30639c035cdb23534cd4aa2dd52c3bf48f06e5f4a941509c8bafd8ce11080259"},
]
snapshottest = [
    {file = "snapshottest-0.6.0-py2.py3-none-any.whl", hash = "sha256:9b177cffe0870c589df8ddbee0a770149c5474b251955bdbde58b7f32a4ec429"},
    {file = "snapshottest-0.6.0.tar.gz", hash = "sha256:bbcaf81d92d8e330042e5c928e13d9f035e99e91b314fe55fda949c2f17b653c"},
]
termcolor = [
    {file = "termcolor-1.1.0.tar.gz", hash = "sha256:1d6d69ce66211143803fbc56652b41d73b4a400a2891d7bf7a1cdf4c02de613b"},
]
wasmer = [
    {file = "wasmer-0.4.1-cp36-cp36m-macosx_10_7_x86_64.whl", hash = "sha256:519d9f7a33f0dc28498edf8d074944df1cfda3f4d56a6b0a9dc606e99f230c07"},
    {file = "wasmer-0.4.1-cp36-cp36m-manylinux1_x86_64.whl", hash = "sha256:c36c6c7a3582c0467ea76c5b86a5a25c2e1a713669ebf8fc6511b26f30828ed7"},
    {file = "wasmer-0.4.1-cp37-cp37m-macosx_10_7_x86_64.whl", hash = "sha256:6e37fd76931da954d12f7708e7fc790c479e17ea6dfe54bb4f1403d6fe919c62"},
    {file = "wasmer-0.4.1-cp37-cp37m-manylinux1_x86_64.whl", hash = "sha256:d5a58b318628bd48605a4810ee9ba030ec4423dee730d45f031bd082cf36ad8b"},
    {file = "wasmer-0.4.1-cp38-cp38-macosx_10_7_x86_64.whl", hash = "sha256:f864b1e910e6803aa8f3ed9c371b145f0b6fd191f5fbefea011ac7ed4258734d"},
    {file = "wasmer-0.4.1-cp38-cp38-manylinux1_x86_64.whl", hash = "sha256:fa1c8479781c91e6b814ef006f6e099b6550eba12601a8617475fb514fc09365"},
    {file = "wasmer-0.4.1-py3-none-any.whl", hash = "sha256:92aee4b3994735f72e27c9deaca36d063781ddfd1068756bf63509288c1a2c14"},
]
